// !$*UTF8*$!
{
	archiveVersion = 1;
	classes = {
	};
	objectVersion = 56;
	objects = {

/* Begin PBXBuildFile section */
		BB000001 /* MotherboardAppApp.swift in Sources */ = {isa = PBXBuildFile; fileRef = BB100001 /* MotherboardAppApp.swift */; };
		BB000002 /* ContentView.swift in Sources */ = {isa = PBXBuildFile; fileRef = BB100002 /* ContentView.swift */; };
		BB000003 /* Motherboard.swift in Sources */ = {isa = PBXBuildFile; fileRef = BB100003 /* Motherboard.swift */; };
		BB000004 /* Rack.swift in Sources */ = {isa = PBXBuildFile; fileRef = BB100004 /* Rack.swift */; };
		BB000005 /* RackSlot.swift in Sources */ = {isa = PBXBuildFile; fileRef = BB100005 /* RackSlot.swift */; };
		BB000006 /* CacheService.swift in Sources */ = {isa = PBXBuildFile; fileRef = BB100006 /* CacheService.swift */; };
		BB000007 /* ScrapingEngine.swift in Sources */ = {isa = PBXBuildFile; fileRef = BB100007 /* ScrapingEngine.swift */; };
		BB000008 /* URLResolverService.swift in Sources */ = {isa = PBXBuildFile; fileRef = BB100008 /* URLResolverService.swift */; };
		BB000009 /* CatalogViewModel.swift in Sources */ = {isa = PBXBuildFile; fileRef = BB100009 /* CatalogViewModel.swift */; };
		BB000010 /* RackViewModel.swift in Sources */ = {isa = PBXBuildFile; fileRef = BB100010 /* RackViewModel.swift */; };
		BB000011 /* CatalogView.swift in Sources */ = {isa = PBXBuildFile; fileRef = BB100011 /* CatalogView.swift */; };
		BB000012 /* SlotView.swift in Sources */ = {isa = PBXBuildFile; fileRef = BB100012 /* SlotView.swift */; };
		BB000013 /* SlotAssignView.swift in Sources */ = {isa = PBXBuildFile; fileRef = BB100013 /* SlotAssignView.swift */; };
		BB000014 /* RackGridView.swift in Sources */ = {isa = PBXBuildFile; fileRef = BB100014 /* RackGridView.swift */; };
		BB000015 /* AddRackView.swift in Sources */ = {isa = PBXBuildFile; fileRef = BB100015 /* AddRackView.swift */; };
		BB000016 /* RackCarouselView.swift in Sources */ = {isa = PBXBuildFile; fileRef = BB100016 /* RackCarouselView.swift */; };
		BB000017 /* Assets.xcassets in Resources */ = {isa = PBXBuildFile; fileRef = BB100017 /* Assets.xcassets */; };
		BB000018 /* SwiftSoup in Frameworks */ = {isa = PBXBuildFile; productRef = BB800001 /* SwiftSoup */; };
/* End PBXBuildFile section */

/* Begin PBXFileReference section */
		BB100001 /* MotherboardAppApp.swift */ = {isa = PBXFileReference; lastKnownFileType = sourcecode.swift; path = MotherboardAppApp.swift; sourceTree = "<group>"; };
		BB100002 /* ContentView.swift */ = {isa = PBXFileReference; lastKnownFileType = sourcecode.swift; path = ContentView.swift; sourceTree = "<group>"; };
		BB100003 /* Motherboard.swift */ = {isa = PBXFileReference; lastKnownFileType = sourcecode.swift; path = Motherboard.swift; sourceTree = "<group>"; };
		BB100004 /* Rack.swift */ = {isa = PBXFileReference; lastKnownFileType = sourcecode.swift; path = Rack.swift; sourceTree = "<group>"; };
		BB100005 /* RackSlot.swift */ = {isa = PBXFileReference; lastKnownFileType = sourcecode.swift; path = RackSlot.swift; sourceTree = "<group>"; };
		BB100006 /* CacheService.swift */ = {isa = PBXFileReference; lastKnownFileType = sourcecode.swift; path = CacheService.swift; sourceTree = "<group>"; };
		BB100007 /* ScrapingEngine.swift */ = {isa = PBXFileReference; lastKnownFileType = sourcecode.swift; path = ScrapingEngine.swift; sourceTree = "<group>"; };
		BB100008 /* URLResolverService.swift */ = {isa = PBXFileReference; lastKnownFileType = sourcecode.swift; path = URLResolverService.swift; sourceTree = "<group>"; };
		BB100009 /* CatalogViewModel.swift */ = {isa = PBXFileReference; lastKnownFileType = sourcecode.swift; path = CatalogViewModel.swift; sourceTree = "<group>"; };
		BB100010 /* RackViewModel.swift */ = {isa = PBXFileReference; lastKnownFileType = sourcecode.swift; path = RackViewModel.swift; sourceTree = "<group>"; };
		BB100011 /* CatalogView.swift */ = {isa = PBXFileReference; lastKnownFileType = sourcecode.swift; path = CatalogView.swift; sourceTree = "<group>"; };
		BB100012 /* SlotView.swift */ = {isa = PBXFileReference; lastKnownFileType = sourcecode.swift; path = SlotView.swift; sourceTree = "<group>"; };
		BB100013 /* SlotAssignView.swift */ = {isa = PBXFileReference; lastKnownFileType = sourcecode.swift; path = SlotAssignView.swift; sourceTree = "<group>"; };
		BB100014 /* RackGridView.swift */ = {isa = PBXFileReference; lastKnownFileType = sourcecode.swift; path = RackGridView.swift; sourceTree = "<group>"; };
		BB100015 /* AddRackView.swift */ = {isa = PBXFileReference; lastKnownFileType = sourcecode.swift; path = AddRackView.swift; sourceTree = "<group>"; };
		BB100016 /* RackCarouselView.swift */ = {isa = PBXFileReference; lastKnownFileType = sourcecode.swift; path = RackCarouselView.swift; sourceTree = "<group>"; };
		BB100017 /* Assets.xcassets */ = {isa = PBXFileReference; lastKnownFileType = folder.assetcatalog; path = Assets.xcassets; sourceTree = "<group>"; };
		BB100018 /* Info.plist */ = {isa = PBXFileReference; lastKnownFileType = text.plist.xml; path = Info.plist; sourceTree = "<group>"; };
		BB200001 /* MotherboardApp.app */ = {isa = PBXFileReference; explicitFileType = wrapper.application; includeInIndex = 0; path = MotherboardApp.app; sourceTree = BUILT_PRODUCTS_DIR; };
/* End PBXFileReference section */

/* Begin PBXFrameworksBuildPhase section */
		BB300001 /* Frameworks */ = {
			isa = PBXFrameworksBuildPhase;
			buildActionMask = 2147483647;
			files = (
				BB000018 /* SwiftSoup in Frameworks */,
			);
			runOnlyForDeploymentPostprocessing = 0;
		};
/* End PBXFrameworksBuildPhase section */

/* Begin PBXGroup section */
		BB400001 /* Products */ = {
			isa = PBXGroup;
			children = (
				BB200001 /* MotherboardApp.app */,
			);
			name = Products;
			sourceTree = "<group>";
		};
		BB400002 /* MotherboardApp */ = {
			isa = PBXGroup;
			children = (
				BB100001 /* MotherboardAppApp.swift */,
				BB100018 /* Info.plist */,
				BB100017 /* Assets.xcassets */,
				BB400003 /* Models */,
				BB400004 /* Services */,
				BB400005 /* ViewModels */,
				BB400006 /* Views */,
			);
			path = MotherboardApp;
			sourceTree = "<group>";
		};
		BB400003 /* Models */ = {
			isa = PBXGroup;
			children = (
				BB100003 /* Motherboard.swift */,
				BB100004 /* Rack.swift */,
				BB100005 /* RackSlot.swift */,
			);
			path = Models;
			sourceTree = "<group>";
		};
		BB400004 /* Services */ = {
			isa = PBXGroup;
			children = (
				BB100006 /* CacheService.swift */,
				BB100007 /* ScrapingEngine.swift */,
				BB100008 /* URLResolverService.swift */,
			);
			path = Services;
			sourceTree = "<group>";
		};
		BB400005 /* ViewModels */ = {
			isa = PBXGroup;
			children = (
				BB100009 /* CatalogViewModel.swift */,
				BB100010 /* RackViewModel.swift */,
			);
			path = ViewModels;
			sourceTree = "<group>";
		};
		BB400006 /* Views */ = {
			isa = PBXGroup;
			children = (
				BB100002 /* ContentView.swift */,
				BB400007 /* Racks */,
				BB400008 /* Catalog */,
			);
			path = Views;
			sourceTree = "<group>";
		};
		BB400007 /* Racks */ = {
			isa = PBXGroup;
			children = (
				BB100012 /* SlotView.swift */,
				BB100013 /* SlotAssignView.swift */,
				BB100014 /* RackGridView.swift */,
				BB100015 /* AddRackView.swift */,
				BB100016 /* RackCarouselView.swift */,
			);
			path = Racks;
			sourceTree = "<group>";
		};
		BB400008 /* Catalog */ = {
			isa = PBXGroup;
			children = (
				BB100011 /* CatalogView.swift */,
			);
			path = Catalog;
			sourceTree = "<group>";
		};
		BB500001 /* root */ = {
			isa = PBXGroup;
			children = (
				BB400002 /* MotherboardApp */,
				BB400001 /* Products */,
			);
			sourceTree = "<group>";
		};
/* End PBXGroup section */

/* Begin PBXNativeTarget section */
		BB600001 /* MotherboardApp */ = {
			isa = PBXNativeTarget;
			buildConfigurationList = BB700002 /* Build configuration list for PBXNativeTarget "MotherboardApp" */;
			buildPhases = (
				BB900001 /* Sources */,
				BB300001 /* Frameworks */,
				BB900002 /* Resources */,
			);
			buildRules = (
			);
			dependencies = (
			);
			name = MotherboardApp;
			packageProductDependencies = (
				BB800001 /* SwiftSoup */,
			);
			productName = MotherboardApp;
			productReference = BB200001 /* MotherboardApp.app */;
			productType = "com.apple.product-type.application";
		};
/* End PBXNativeTarget section */

/* Begin PBXProject section */
		BB600002 /* Project object */ = {
			isa = PBXProject;
			attributes = {
				BuildIndependentTargetsInParallel = 1;
				LastSwiftUpdateCheck = 1500;
				LastUpgradeCheck = 1500;
				TargetAttributes = {
					BB600001 = {
						CreatedOnToolsVersion = 15.0;
					};
				};
			};
			buildConfigurationList = BB700001 /* Build configuration list for PBXProject "MotherboardApp" */;
			compatibilityVersion = "Xcode 14.0";
			developmentRegion = en;
			hasScannedForEncodings = 0;
			knownRegions = (
				en,
				Base,
			);
			mainGroup = BB500001;
			packageReferences = (
				BB800002 /* XCRemoteSwiftPackageReference "SwiftSoup" */,
			);
			productRefGroup = BB400001 /* Products */;
			projectDirPath = "";
			projectRoot = "";
			targets = (
				BB600001 /* MotherboardApp */,
			);
		};
/* End PBXProject section */

/* Begin PBXResourcesBuildPhase section */
		BB900002 /* Resources */ = {
			isa = PBXResourcesBuildPhase;
			buildActionMask = 2147483647;
			files = (
				BB000017 /* Assets.xcassets in Resources */,
			);
			runOnlyForDeploymentPostprocessing = 0;
		};
/* End PBXResourcesBuildPhase section */

/* Begin PBXSourcesBuildPhase section */
		BB900001 /* Sources */ = {
			isa = PBXSourcesBuildPhase;
			buildActionMask = 2147483647;
			files = (
				BB000001 /* MotherboardAppApp.swift in Sources */,
				BB000002 /* ContentView.swift in Sources */,
				BB000003 /* Motherboard.swift in Sources */,
				BB000004 /* Rack.swift in Sources */,
				BB000005 /* RackSlot.swift in Sources */,
				BB000006 /* CacheService.swift in Sources */,
				BB000007 /* ScrapingEngine.swift in Sources */,
				BB000008 /* URLResolverService.swift in Sources */,
				BB000009 /* CatalogViewModel.swift in Sources */,
				BB000010 /* RackViewModel.swift in Sources */,
				BB000011 /* CatalogView.swift in Sources */,
				BB000012 /* SlotView.swift in Sources */,
				BB000013 /* SlotAssignView.swift in Sources */,
				BB000014 /* RackGridView.swift in Sources */,
				BB000015 /* AddRackView.swift in Sources */,
				BB000016 /* RackCarouselView.swift in Sources */,
			);
			runOnlyForDeploymentPostprocessing = 0;
		};
/* End PBXSourcesBuildPhase section */

/* Begin XCBuildConfiguration section */
		BB700003 /* Debug */ = {
			isa = XCBuildConfiguration;
			buildSettings = {
				ALWAYS_SEARCH_USER_PATHS = NO;
				ASSETCATALOG_COMPILER_GENERATE_SWIFT_ASSET_SYMBOL_EXTENSIONS = YES;
				CLANG_ANALYZER_NONNULL = YES;
				CLANG_ANALYZER_NUMBER_OBJECT_CONVERSION = YES_AGGRESSIVE;
				CLANG_CXX_LANGUAGE_STANDARD = "gnu++20";
				CLANG_ENABLE_MODULES = YES;
				CLANG_ENABLE_OBJC_ARC = YES;
				CLANG_ENABLE_OBJC_WEAK = YES;
				CLANG_WARN_BLOCK_CAPTURE_AUTORELEASING = YES;
				CLANG_WARN_BOOL_CONVERSION = YES;
				CLANG_WARN_COMMA = YES;
				CLANG_WARN_CONSTANT_CONVERSION = YES;
				CLANG_WARN_DEPRECATED_OBJC_IMPLEMENTATIONS = YES;
				CLANG_WARN_DIRECT_OBJC_ISA_USAGE = YES_ERROR;
				CLANG_WARN_DOCUMENTATION_COMMENTS = YES;
				CLANG_WARN_EMPTY_BODY = YES;
				CLANG_WARN_ENUM_CONVERSION = YES;
				CLANG_WARN_INFINITE_RECURSION = YES;
				CLANG_WARN_INT_CONVERSION = YES;
				CLANG_WARN_NON_LITERAL_NULL_CONVERSION = YES;
				CLANG_WARN_OBJC_IMPLICIT_RETAIN_CYCLE = YES;
				CLANG_WARN_OBJC_LITERAL_CONVERSION = YES;
				CLANG_WARN_OBJC_ROOT_CLASS = YES_ERROR;
				CLANG_WARN_QUOTED_INCLUDE_IN_FRAMEWORK_HEADER = YES;
				CLANG_WARN_RANGE_LOOP_ANALYSIS = YES;
				CLANG_WARN_STRICT_PROTOTYPES = YES;
				CLANG_WARN_SUSPICIOUS_MOVE = YES;
				CLANG_WARN_UNGUARDED_AVAILABILITY = YES_AGGRESSIVE;
				CLANG_WARN_UNREACHABLE_CODE = YES;
				CLANG_WARN__DUPLICATE_METHOD_MATCH = YES;
				COPY_PHASE_STRIP = NO;
				DEBUG_INFORMATION_FORMAT = dwarf;
				ENABLE_STRICT_OBJC_MSGSEND = YES;
				ENABLE_TESTABILITY = YES;
				ENABLE_USER_SCRIPT_SANDBOXING = YES;
				GCC_C_LANGUAGE_STANDARD = gnu17;
				GCC_DYNAMIC_NO_PIC = NO;
				GCC_NO_COMMON_BLOCKS = YES;
				GCC_OPTIMIZATION_LEVEL = 0;
				GCC_PREPROCESSOR_DEFINITIONS = (
					"DEBUG=1",
					"$(inherited)",
				);
				GCC_WARN_64_TO_32_BIT_CONVERSION = YES;
				GCC_WARN_ABOUT_RETURN_TYPE = YES_ERROR;
				GCC_WARN_UNDECLARED_SELECTOR = YES;
				GCC_WARN_UNINITIALIZED_AUTOS = YES_AGGRESSIVE;
				GCC_WARN_UNUSED_FUNCTION = YES;
				GCC_WARN_UNUSED_VARIABLE = YES;
				IPHONEOS_DEPLOYMENT_TARGET = 16.0;
				MTL_ENABLE_DEBUG_INFO = INCLUDE_SOURCE;
				MTL_FAST_MATH = YES;
				ONLY_ACTIVE_ARCH = YES;
				SDKROOT = iphoneos;
				SWIFT_ACTIVE_COMPILATION_CONDITIONS = "DEBUG $(inherited)";
				SWIFT_OPTIMIZATION_LEVEL = "-Onone";
			};
			name = Debug;
		};
		BB700004 /* Release */ = {
			isa = XCBuildConfiguration;
			buildSettings = {
				ALWAYS_SEARCH_USER_PATHS = NO;
				ASSETCATALOG_COMPILER_GENERATE_SWIFT_ASSET_SYMBOL_EXTENSIONS = YES;
				CLANG_ANALYZER_NONNULL = YES;
				CLANG_ANALYZER_NUMBER_OBJECT_CONVERSION = YES_AGGRESSIVE;
				CLANG_CXX_LANGUAGE_STANDARD = "gnu++20";
				CLANG_ENABLE_MODULES = YES;
				CLANG_ENABLE_OBJC_ARC = YES;
				CLANG_ENABLE_OBJC_WEAK = YES;
				CLANG_WARN_BLOCK_CAPTURE_AUTORELEASING = YES;
				CLANG_WARN_BOOL_CONVERSION = YES;
				CLANG_WARN_COMMA = YES;
				CLANG_WARN_CONSTANT_CONVERSION = YES;
				CLANG_WARN_DEPRECATED_OBJC_IMPLEMENTATIONS = YES;
				CLANG_WARN_DIRECT_OBJC_ISA_USAGE = YES_ERROR;
				CLANG_WARN_DOCUMENTATION_COMMENTS = YES;
				CLANG_WARN_EMPTY_BODY = YES;
				CLANG_WARN_ENUM_CONVERSION = YES;
				CLANG_WARN_INFINITE_RECURSION = YES;
				CLANG_WARN_INT_CONVERSION = YES;
				CLANG_WARN_NON_LITERAL_NULL_CONVERSION = YES;
				CLANG_WARN_OBJC_IMPLICIT_RETAIN_CYCLE = YES;
				CLANG_WARN_OBJC_LITERAL_CONVERSION = YES;
				CLANG_WARN_OBJC_ROOT_CLASS = YES_ERROR;
				CLANG_WARN_QUOTED_INCLUDE_IN_FRAMEWORK_HEADER = YES;
				CLANG_WARN_RANGE_LOOP_ANALYSIS = YES;
				CLANG_WARN_STRICT_PROTOTYPES = YES;
				CLANG_WARN_SUSPICIOUS_MOVE = YES;
				CLANG_WARN_UNGUARDED_AVAILABILITY = YES_AGGRESSIVE;
				CLANG_WARN_UNREACHABLE_CODE = YES;
				CLANG_WARN__DUPLICATE_METHOD_MATCH = YES;
				COPY_PHASE_STRIP = NO;
				DEBUG_INFORMATION_FORMAT = "dwarf-with-dsym";
				ENABLE_NS_ASSERTIONS = NO;
				ENABLE_STRICT_OBJC_MSGSEND = YES;
				ENABLE_USER_SCRIPT_SANDBOXING = YES;
				GCC_C_LANGUAGE_STANDARD = gnu17;
				GCC_NO_COMMON_BLOCKS = YES;
				GCC_WARN_64_TO_32_BIT_CONVERSION = YES;
				GCC_WARN_ABOUT_RETURN_TYPE = YES_ERROR;
				GCC_WARN_UNDECLARED_SELECTOR = YES;
				GCC_WARN_UNINITIALIZED_AUTOS = YES_AGGRESSIVE;
				GCC_WARN_UNUSED_FUNCTION = YES;
				GCC_WARN_UNUSED_VARIABLE = YES;
				IPHONEOS_DEPLOYMENT_TARGET = 16.0;
				MTL_FAST_MATH = YES;
				SDKROOT = iphoneos;
				SWIFT_COMPILATION_MODE = wholemodule;
				VALIDATE_PRODUCT = YES;
			};
			name = Release;
		};
		BB700005 /* Debug */ = {
			isa = XCBuildConfiguration;
			buildSettings = {
				ASSETCATALOG_COMPILER_APPICON_NAME = AppIcon;
				ASSETCATALOG_COMPILER_GLOBAL_ACCENT_COLOR_NAME = AccentColor;
				CODE_SIGN_STYLE = Automatic;
				CURRENT_PROJECT_VERSION = 1;
				GENERATE_INFOPLIST_FILE = NO;
				INFOPLIST_FILE = MotherboardApp/Info.plist;
				IPHONEOS_DEPLOYMENT_TARGET = 16.0;
				LD_RUNPATH_SEARCH_PATHS = (
					"$(inherited)",
					"@executable_path/Frameworks",
				);
				MARKETING_VERSION = 1.0;
				PRODUCT_BUNDLE_IDENTIFIER = com.example.MotherboardApp;
				PRODUCT_NAME = "$(TARGET_NAME)";
				SWIFT_EMIT_LOC_STRINGS = YES;
				SWIFT_VERSION = 5.0;
				TARGETED_DEVICE_FAMILY = "1,2";
			};
			name = Debug;
		};
		BB700006 /* Release */ = {
			isa = XCBuildConfiguration;
			buildSettings = {
				ASSETCATALOG_COMPILER_APPICON_NAME = AppIcon;
				ASSETCATALOG_COMPILER_GLOBAL_ACCENT_COLOR_NAME = AccentColor;
				CODE_SIGN_STYLE = Automatic;
				CURRENT_PROJECT_VERSION = 1;
				GENERATE_INFOPLIST_FILE = NO;
				INFOPLIST_FILE = MotherboardApp/Info.plist;
				IPHONEOS_DEPLOYMENT_TARGET = 16.0;
				LD_RUNPATH_SEARCH_PATHS = (
					"$(inherited)",
					"@executable_path/Frameworks",
				);
				MARKETING_VERSION = 1.0;
				PRODUCT_BUNDLE_IDENTIFIER = com.example.MotherboardApp;
				PRODUCT_NAME = "$(TARGET_NAME)";
				SWIFT_EMIT_LOC_STRINGS = YES;
				SWIFT_VERSION = 5.0;
				TARGETED_DEVICE_FAMILY = "1,2";
			};
			name = Release;
		};
/* End XCBuildConfiguration section */

/* Begin XCConfigurationList section */
		BB700001 /* Build configuration list for PBXProject "MotherboardApp" */ = {
			isa = XCConfigurationList;
			buildConfigurations = (
				BB700003 /* Debug */,
				BB700004 /* Release */,
			);
			defaultConfigurationIsVisible = 0;
			defaultConfigurationName = Release;
		};
		BB700002 /* Build configuration list for PBXNativeTarget "MotherboardApp" */ = {
			isa = XCConfigurationList;
			buildConfigurations = (
				BB700005 /* Debug */,
				BB700006 /* Release */,
			);
			defaultConfigurationIsVisible = 0;
			defaultConfigurationName = Release;
		};
/* End XCConfigurationList section */

/* Begin XCRemoteSwiftPackageReference section */
		BB800002 /* XCRemoteSwiftPackageReference "SwiftSoup" */ = {
			isa = XCRemoteSwiftPackageReference;
			repositoryURL = "https://github.com/scinfu/SwiftSoup.git";
			requirement = {
				kind = upToNextMajorVersion;
				minimumVersion = 2.7.0;
			};
		};
/* End XCRemoteSwiftPackageReference section */

/* Begin XCSwiftPackageProductDependency section */
		BB800001 /* SwiftSoup */ = {
			isa = XCSwiftPackageProductDependency;
			package = BB800002 /* XCRemoteSwiftPackageReference "SwiftSoup" */;
			productName = SwiftSoup;
		};
/* End XCSwiftPackageProductDependency section */
	};
	rootObject = BB600002 /* Project object */;
}
